// !$*UTF8*$!
{
	archiveVersion = 1;
	classes = {
	};
	objectVersion = 46;
	objects = {

/* Begin PBXBuildFile section */
		55087C8A1C21923200608DDF /* Colours.m in Sources */ = {isa = PBXBuildFile; fileRef = 55087C871C21923200608DDF /* Colours.m */; };
		55087C8B1C21923200608DDF /* UIView+Frame.m in Sources */ = {isa = PBXBuildFile; fileRef = 55087C891C21923200608DDF /* UIView+Frame.m */; };
		5585F6AB1C1FECE5001E3F83 /* main.m in Sources */ = {isa = PBXBuildFile; fileRef = 5585F6AA1C1FECE5001E3F83 /* main.m */; };
		5585F6AE1C1FECE5001E3F83 /* AppDelegate.m in Sources */ = {isa = PBXBuildFile; fileRef = 5585F6AD1C1FECE5001E3F83 /* AppDelegate.m */; };
		5585F6B61C1FECE5001E3F83 /* Assets.xcassets in Resources */ = {isa = PBXBuildFile; fileRef = 5585F6B51C1FECE5001E3F83 /* Assets.xcassets */; };
		5585F6B91C1FECE5001E3F83 /* LaunchScreen.storyboard in Resources */ = {isa = PBXBuildFile; fileRef = 5585F6B71C1FECE5001E3F83 /* LaunchScreen.storyboard */; };
		DDBAF31451A5C8172EA2FDE0 /* libPods.a in Frameworks */ = {isa = PBXBuildFile; fileRef = 62C417343DA87562E0952571 /* libPods.a */; };
/* End PBXBuildFile section */

/* Begin PBXFileReference section */
		3FF574087CE641A1673F9291 /* Pods.release.xcconfig */ = {isa = PBXFileReference; includeInIndex = 1; lastKnownFileType = text.xcconfig; name = Pods.release.xcconfig; path = "Pods/Target Support Files/Pods/Pods.release.xcconfig"; sourceTree = "<group>"; };
		55087C861C21923200608DDF /* Colours.h */ = {isa = PBXFileReference; fileEncoding = 4; lastKnownFileType = sourcecode.c.h; path = Colours.h; sourceTree = "<group>"; };
		55087C871C21923200608DDF /* Colours.m */ = {isa = PBXFileReference; fileEncoding = 4; lastKnownFileType = sourcecode.c.objc; path = Colours.m; sourceTree = "<group>"; };
		55087C881C21923200608DDF /* UIView+Frame.h */ = {isa = PBXFileReference; fileEncoding = 4; lastKnownFileType = sourcecode.c.h; path = "UIView+Frame.h"; sourceTree = "<group>"; };
		55087C891C21923200608DDF /* UIView+Frame.m */ = {isa = PBXFileReference; fileEncoding = 4; lastKnownFileType = sourcecode.c.objc; path = "UIView+Frame.m"; sourceTree = "<group>"; };
		5585F6A61C1FECE5001E3F83 /* Rotary.app */ = {isa = PBXFileReference; explicitFileType = wrapper.application; includeInIndex = 0; path = Rotary.app; sourceTree = BUILT_PRODUCTS_DIR; };
		5585F6AA1C1FECE5001E3F83 /* main.m */ = {isa = PBXFileReference; lastKnownFileType = sourcecode.c.objc; path = main.m; sourceTree = "<group>"; };
		5585F6AC1C1FECE5001E3F83 /* AppDelegate.h */ = {isa = PBXFileReference; lastKnownFileType = sourcecode.c.h; path = AppDelegate.h; sourceTree = "<group>"; };
		5585F6AD1C1FECE5001E3F83 /* AppDelegate.m */ = {isa = PBXFileReference; lastKnownFileType = sourcecode.c.objc; path = AppDelegate.m; sourceTree = "<group>"; };
		5585F6B51C1FECE5001E3F83 /* Assets.xcassets */ = {isa = PBXFileReference; lastKnownFileType = folder.assetcatalog; path = Assets.xcassets; sourceTree = "<group>"; };
		5585F6B81C1FECE5001E3F83 /* Base */ = {isa = PBXFileReference; lastKnownFileType = file.storyboard; name = Base; path = Base.lproj/LaunchScreen.storyboard; sourceTree = "<group>"; };
		5585F6BA1C1FECE5001E3F83 /* Info.plist */ = {isa = PBXFileReference; lastKnownFileType = text.plist.xml; path = Info.plist; sourceTree = "<group>"; };
		62C417343DA87562E0952571 /* libPods.a */ = {isa = PBXFileReference; explicitFileType = archive.ar; includeInIndex = 0; path = libPods.a; sourceTree = BUILT_PRODUCTS_DIR; };
		72EB7DABF298AA5258752C71 /* Pods.debug.xcconfig */ = {isa = PBXFileReference; includeInIndex = 1; lastKnownFileType = text.xcconfig; name = Pods.debug.xcconfig; path = "Pods/Target Support Files/Pods/Pods.debug.xcconfig"; sourceTree = "<group>"; };
/* End PBXFileReference section */

/* Begin PBXFrameworksBuildPhase section */
		5585F6A31C1FECE5001E3F83 /* Frameworks */ = {
			isa = PBXFrameworksBuildPhase;
			buildActionMask = 2147483647;
			files = (
				DDBAF31451A5C8172EA2FDE0 /* libPods.a in Frameworks */,
			);
			runOnlyForDeploymentPostprocessing = 0;
		};
/* End PBXFrameworksBuildPhase section */

/* Begin PBXGroup section */
		2F209E501B7F291B245292A0 /* Frameworks */ = {
			isa = PBXGroup;
			children = (
				62C417343DA87562E0952571 /* libPods.a */,
			);
			name = Frameworks;
			sourceTree = "<group>";
		};
		55087C821C21856900608DDF /* Class */ = {
			isa = PBXGroup;
			children = (
				55087C921C21926E00608DDF /* BaseClass */,
				55087C8C1C21925400608DDF /* Model */,
				55087C8E1C21925400608DDF /* Modual */,
				55087C851C21923200608DDF /* Category */,
			);
			path = Class;
			sourceTree = "<group>";
		};
		55087C831C2190C400608DDF /* Vendor */ = {
			isa = PBXGroup;
			children = (
			);
			path = Vendor;
			sourceTree = "<group>";
		};
		55087C841C2190CC00608DDF /* Resources */ = {
			isa = PBXGroup;
			children = (
			);
			path = Resources;
			sourceTree = "<group>";
		};
		55087C851C21923200608DDF /* Category */ = {
			isa = PBXGroup;
			children = (
				55087C861C21923200608DDF /* Colours.h */,
				55087C871C21923200608DDF /* Colours.m */,
				55087C881C21923200608DDF /* UIView+Frame.h */,
				55087C891C21923200608DDF /* UIView+Frame.m */,
			);
			path = Category;
			sourceTree = "<group>";
		};
		55087C8C1C21925400608DDF /* Model */ = {
			isa = PBXGroup;
			children = (
				55087C8D1C21925400608DDF /* HttpRequestManager */,
			);
			path = Model;
			sourceTree = "<group>";
		};
		55087C8D1C21925400608DDF /* HttpRequestManager */ = {
			isa = PBXGroup;
			children = (
			);
			path = HttpRequestManager;
			sourceTree = "<group>";
		};
		55087C8E1C21925400608DDF /* Modual */ = {
			isa = PBXGroup;
			children = (
				55087C8F1C21925400608DDF /* Home */,
				55087C901C21925400608DDF /* Login */,
				55087C911C21925400608DDF /* Register */,
			);
			path = Modual;
			sourceTree = "<group>";
		};
		55087C8F1C21925400608DDF /* Home */ = {
			isa = PBXGroup;
			children = (
			);
			path = Home;
			sourceTree = "<group>";
		};
		55087C901C21925400608DDF /* Login */ = {
			isa = PBXGroup;
			children = (
			);
			path = Login;
			sourceTree = "<group>";
		};
		55087C911C21925400608DDF /* Register */ = {
			isa = PBXGroup;
			children = (
			);
			path = Register;
			sourceTree = "<group>";
		};
		55087C921C21926E00608DDF /* BaseClass */ = {
			isa = PBXGroup;
			children = (
				55087C931C21926E00608DDF /* BaseController */,
				55087C941C21926E00608DDF /* TableViewCell */,
			);
			path = BaseClass;
			sourceTree = "<group>";
		};
		55087C931C21926E00608DDF /* BaseController */ = {
			isa = PBXGroup;
			children = (
			);
			path = BaseController;
			sourceTree = "<group>";
		};
		55087C941C21926E00608DDF /* TableViewCell */ = {
			isa = PBXGroup;
			children = (
			);
			path = TableViewCell;
			sourceTree = "<group>";
		};
		5585F69D1C1FECE5001E3F83 = {
			isa = PBXGroup;
			children = (
				5585F6A81C1FECE5001E3F83 /* Rotary */,
				5585F6A71C1FECE5001E3F83 /* Products */,
				D1CF2B6D21DDBF43D21014C7 /* Pods */,
				2F209E501B7F291B245292A0 /* Frameworks */,
			);
			sourceTree = "<group>";
		};
		5585F6A71C1FECE5001E3F83 /* Products */ = {
			isa = PBXGroup;
			children = (
				5585F6A61C1FECE5001E3F83 /* Rotary.app */,
			);
			name = Products;
			sourceTree = "<group>";
		};
		5585F6A81C1FECE5001E3F83 /* Rotary */ = {
			isa = PBXGroup;
			children = (
				5585F6AC1C1FECE5001E3F83 /* AppDelegate.h */,
				5585F6AD1C1FECE5001E3F83 /* AppDelegate.m */,
				55087C841C2190CC00608DDF /* Resources */,
				55087C831C2190C400608DDF /* Vendor */,
				55087C821C21856900608DDF /* Class */,
				5585F6A91C1FECE5001E3F83 /* Supporting Files */,
			);
			path = Rotary;
			sourceTree = "<group>";
		};
		5585F6A91C1FECE5001E3F83 /* Supporting Files */ = {
			isa = PBXGroup;
			children = (
				5585F6B51C1FECE5001E3F83 /* Assets.xcassets */,
				5585F6B71C1FECE5001E3F83 /* LaunchScreen.storyboard */,
				5585F6BA1C1FECE5001E3F83 /* Info.plist */,
				5585F6AA1C1FECE5001E3F83 /* main.m */,
			);
			name = "Supporting Files";
			sourceTree = "<group>";
		};
		D1CF2B6D21DDBF43D21014C7 /* Pods */ = {
			isa = PBXGroup;
			children = (
				72EB7DABF298AA5258752C71 /* Pods.debug.xcconfig */,
				3FF574087CE641A1673F9291 /* Pods.release.xcconfig */,
			);
			name = Pods;
			sourceTree = "<group>";
		};
/* End PBXGroup section */

/* Begin PBXNativeTarget section */
		5585F6A51C1FECE5001E3F83 /* Rotary */ = {
			isa = PBXNativeTarget;
			buildConfigurationList = 5585F6D31C1FECE5001E3F83 /* Build configuration list for PBXNativeTarget "Rotary" */;
			buildPhases = (
				768E9CCF519340237E12BF51 /* Check Pods Manifest.lock */,
				5585F6A21C1FECE5001E3F83 /* Sources */,
				5585F6A31C1FECE5001E3F83 /* Frameworks */,
				5585F6A41C1FECE5001E3F83 /* Resources */,
				BFB060CD6D41F8EF8955B37E /* Embed Pods Frameworks */,
				F8D409298D3D14F988D6551A /* Copy Pods Resources */,
			);
			buildRules = (
			);
			dependencies = (
			);
			name = Rotary;
			productName = Rotary;
			productReference = 5585F6A61C1FECE5001E3F83 /* Rotary.app */;
			productType = "com.apple.product-type.application";
		};
/* End PBXNativeTarget section */

/* Begin PBXProject section */
		5585F69E1C1FECE5001E3F83 /* Project object */ = {
			isa = PBXProject;
			attributes = {
				LastUpgradeCheck = 0710;
				ORGANIZATIONNAME = oscar;
				TargetAttributes = {
					5585F6A51C1FECE5001E3F83 = {
						CreatedOnToolsVersion = 7.1.1;
					};
				};
			};
			buildConfigurationList = 5585F6A11C1FECE5001E3F83 /* Build configuration list for PBXProject "Rotary" */;
			compatibilityVersion = "Xcode 3.2";
			developmentRegion = English;
			hasScannedForEncodings = 0;
			knownRegions = (
				en,
				Base,
			);
			mainGroup = 5585F69D1C1FECE5001E3F83;
			productRefGroup = 5585F6A71C1FECE5001E3F83 /* Products */;
			projectDirPath = "";
			projectRoot = "";
			targets = (
				5585F6A51C1FECE5001E3F83 /* Rotary */,
			);
		};
/* End PBXProject section */

/* Begin PBXResourcesBuildPhase section */
		5585F6A41C1FECE5001E3F83 /* Resources */ = {
			isa = PBXResourcesBuildPhase;
			buildActionMask = 2147483647;
			files = (
				5585F6B91C1FECE5001E3F83 /* LaunchScreen.storyboard in Resources */,
				5585F6B61C1FECE5001E3F83 /* Assets.xcassets in Resources */,
			);
			runOnlyForDeploymentPostprocessing = 0;
		};
/* End PBXResourcesBuildPhase section */

/* Begin PBXShellScriptBuildPhase section */
		768E9CCF519340237E12BF51 /* Check Pods Manifest.lock */ = {
			isa = PBXShellScriptBuildPhase;
			buildActionMask = 2147483647;
			files = (
			);
			inputPaths = (
			);
			name = "Check Pods Manifest.lock";
			outputPaths = (
			);
			runOnlyForDeploymentPostprocessing = 0;
			shellPath = /bin/sh;
			shellScript = "diff \"${PODS_ROOT}/../Podfile.lock\" \"${PODS_ROOT}/Manifest.lock\" > /dev/null\nif [[ $? != 0 ]] ; then\n    cat << EOM\nerror: The sandbox is not in sync with the Podfile.lock. Run 'pod install' or update your CocoaPods installation.\nEOM\n    exit 1\nfi\n";
			showEnvVarsInLog = 0;
		};
		BFB060CD6D41F8EF8955B37E /* Embed Pods Frameworks */ = {
			isa = PBXShellScriptBuildPhase;
			buildActionMask = 2147483647;
			files = (
			);
			inputPaths = (
			);
			name = "Embed Pods Frameworks";
			outputPaths = (
			);
			runOnlyForDeploymentPostprocessing = 0;
			shellPath = /bin/sh;
			shellScript = "\"${SRCROOT}/Pods/Target Support Files/Pods/Pods-frameworks.sh\"\n";
			showEnvVarsInLog = 0;
		};
		F8D409298D3D14F988D6551A /* Copy Pods Resources */ = {
			isa = PBXShellScriptBuildPhase;
			buildActionMask = 2147483647;
			files = (
			);
			inputPaths = (
			);
			name = "Copy Pods Resources";
			outputPaths = (
			);
			runOnlyForDeploymentPostprocessing = 0;
			shellPath = /bin/sh;
			shellScript = "\"${SRCROOT}/Pods/Target Support Files/Pods/Pods-resources.sh\"\n";
			showEnvVarsInLog = 0;
		};
/* End PBXShellScriptBuildPhase section */

/* Begin PBXSourcesBuildPhase section */
		5585F6A21C1FECE5001E3F83 /* Sources */ = {
			isa = PBXSourcesBuildPhase;
			buildActionMask = 2147483647;
			files = (
				55087C8B1C21923200608DDF /* UIView+Frame.m in Sources */,
				5585F6AE1C1FECE5001E3F83 /* AppDelegate.m in Sources */,
				55087C8A1C21923200608DDF /* Colours.m in Sources */,
				5585F6AB1C1FECE5001E3F83 /* main.m in Sources */,
			);
			runOnlyForDeploymentPostprocessing = 0;
		};
/* End PBXSourcesBuildPhase section */

/* Begin PBXVariantGroup section */
		5585F6B71C1FECE5001E3F83 /* LaunchScreen.storyboard */ = {
			isa = PBXVariantGroup;
			children = (
				5585F6B81C1FECE5001E3F83 /* Base */,
			);
			name = LaunchScreen.storyboard;
			sourceTree = "<group>";
		};
/* End PBXVariantGroup section */

/* Begin XCBuildConfiguration section */
		5585F6D11C1FECE5001E3F83 /* Debug */ = {
			isa = XCBuildConfiguration;
			buildSettings = {
				ALWAYS_SEARCH_USER_PATHS = NO;
				CLANG_CXX_LANGUAGE_STANDARD = "gnu++0x";
				CLANG_CXX_LIBRARY = "libc++";
				CLANG_ENABLE_MODULES = YES;
				CLANG_ENABLE_OBJC_ARC = YES;
				CLANG_WARN_BOOL_CONVERSION = YES;
				CLANG_WARN_CONSTANT_CONVERSION = YES;
				CLANG_WARN_DIRECT_OBJC_ISA_USAGE = YES_ERROR;
				CLANG_WARN_EMPTY_BODY = YES;
				CLANG_WARN_ENUM_CONVERSION = YES;
				CLANG_WARN_INT_CONVERSION = YES;
				CLANG_WARN_OBJC_ROOT_CLASS = YES_ERROR;
				CLANG_WARN_UNREACHABLE_CODE = YES;
				CLANG_WARN__DUPLICATE_METHOD_MATCH = YES;
				"CODE_SIGN_IDENTITY[sdk=iphoneos*]" = "iPhone Developer";
				COPY_PHASE_STRIP = NO;
				DEBUG_INFORMATION_FORMAT = dwarf;
				ENABLE_STRICT_OBJC_MSGSEND = YES;
				ENABLE_TESTABILITY = YES;
				GCC_C_LANGUAGE_STANDARD = gnu99;
				GCC_DYNAMIC_NO_PIC = NO;
				GCC_NO_COMMON_BLOCKS = YES;
				GCC_OPTIMIZATION_LEVEL = 0;
				GCC_PREPROCESSOR_DEFINITIONS = (
					"DEBUG=1",
					"$(inherited)",
				);
				GCC_WARN_64_TO_32_BIT_CONVERSION = YES;
				GCC_WARN_ABOUT_RETURN_TYPE = YES_ERROR;
				GCC_WARN_UNDECLARED_SELECTOR = YES;
				GCC_WARN_UNINITIALIZED_AUTOS = YES_AGGRESSIVE;
				GCC_WARN_UNUSED_FUNCTION = YES;
				GCC_WARN_UNUSED_VARIABLE = YES;
				IPHONEOS_DEPLOYMENT_TARGET = 9.1;
				MTL_ENABLE_DEBUG_INFO = YES;
				ONLY_ACTIVE_ARCH = YES;
				SDKROOT = iphoneos;
				TARGETED_DEVICE_FAMILY = "1,2";
			};
			name = Debug;
		};
		5585F6D21C1FECE5001E3F83 /* Release */ = {
			isa = XCBuildConfiguration;
			buildSettings = {
				ALWAYS_SEARCH_USER_PATHS = NO;
				CLANG_CXX_LANGUAGE_STANDARD = "gnu++0x";
				CLANG_CXX_LIBRARY = "libc++";
				CLANG_ENABLE_MODULES = YES;
				CLANG_ENABLE_OBJC_ARC = YES;
				CLANG_WARN_BOOL_CONVERSION = YES;
				CLANG_WARN_CONSTANT_CONVERSION = YES;
				CLANG_WARN_DIRECT_OBJC_ISA_USAGE = YES_ERROR;
				CLANG_WARN_EMPTY_BODY = YES;
				CLANG_WARN_ENUM_CONVERSION = YES;
				CLANG_WARN_INT_CONVERSION = YES;
				CLANG_WARN_OBJC_ROOT_CLASS = YES_ERROR;
				CLANG_WARN_UNREACHABLE_CODE = YES;
				CLANG_WARN__DUPLICATE_METHOD_MATCH = YES;
				"CODE_SIGN_IDENTITY[sdk=iphoneos*]" = "iPhone Developer";
				COPY_PHASE_STRIP = NO;
				DEBUG_INFORMATION_FORMAT = "dwarf-with-dsym";
				ENABLE_NS_ASSERTIONS = NO;
				ENABLE_STRICT_OBJC_MSGSEND = YES;
				GCC_C_LANGUAGE_STANDARD = gnu99;
				GCC_NO_COMMON_BLOCKS = YES;
				GCC_WARN_64_TO_32_BIT_CONVERSION = YES;
				GCC_WARN_ABOUT_RETURN_TYPE = YES_ERROR;
				GCC_WARN_UNDECLARED_SELECTOR = YES;
				GCC_WARN_UNINITIALIZED_AUTOS = YES_AGGRESSIVE;
				GCC_WARN_UNUSED_FUNCTION = YES;
				GCC_WARN_UNUSED_VARIABLE = YES;
				IPHONEOS_DEPLOYMENT_TARGET = 9.1;
				MTL_ENABLE_DEBUG_INFO = NO;
				SDKROOT = iphoneos;
				TARGETED_DEVICE_FAMILY = "1,2";
				VALIDATE_PRODUCT = YES;
			};
			name = Release;
		};
		5585F6D41C1FECE5001E3F83 /* Debug */ = {
			isa = XCBuildConfiguration;
			baseConfigurationReference = 72EB7DABF298AA5258752C71 /* Pods.debug.xcconfig */;
			buildSettings = {
				ASSETCATALOG_COMPILER_APPICON_NAME = AppIcon;
				INFOPLIST_FILE = Rotary/Info.plist;
				LD_RUNPATH_SEARCH_PATHS = "$(inherited) @executable_path/Frameworks";
				PRODUCT_BUNDLE_IDENTIFIER = company.Rotary;
				PRODUCT_NAME = "$(TARGET_NAME)";
			};
			name = Debug;
		};
		5585F6D51C1FECE5001E3F83 /* Release */ = {
			isa = XCBuildConfiguration;
			baseConfigurationReference = 3FF574087CE641A1673F9291 /* Pods.release.xcconfig */;
			buildSettings = {
				ASSETCATALOG_COMPILER_APPICON_NAME = AppIcon;
				INFOPLIST_FILE = Rotary/Info.plist;
				LD_RUNPATH_SEARCH_PATHS = "$(inherited) @executable_path/Frameworks";
				PRODUCT_BUNDLE_IDENTIFIER = company.Rotary;
				PRODUCT_NAME = "$(TARGET_NAME)";
			};
			name = Release;
		};
/* End XCBuildConfiguration section */

/* Begin XCConfigurationList section */
		5585F6A11C1FECE5001E3F83 /* Build configuration list for PBXProject "Rotary" */ = {
			isa = XCConfigurationList;
			buildConfigurations = (
				5585F6D11C1FECE5001E3F83 /* Debug */,
				5585F6D21C1FECE5001E3F83 /* Release */,
			);
			defaultConfigurationIsVisible = 0;
			defaultConfigurationName = Release;
		};
		5585F6D31C1FECE5001E3F83 /* Build configuration list for PBXNativeTarget "Rotary" */ = {
			isa = XCConfigurationList;
			buildConfigurations = (
				5585F6D41C1FECE5001E3F83 /* Debug */,
				5585F6D51C1FECE5001E3F83 /* Release */,
			);
			defaultConfigurationIsVisible = 0;
			defaultConfigurationName = Release;
		};
/* End XCConfigurationList section */
	};
	rootObject = 5585F69E1C1FECE5001E3F83 /* Project object */;
}
